github.com/Compogo/compogo v0.0.20 h1:HN/sGyO/YcHZmemi9fO48hH8dy/DkLUSGVghFEnQSZI=
github.com/Compogo/compogo v0.0.20/go.mod h1:LbPhr7u4g11Lv8c9tifDnD7aJf3nNRhdsz1LlMdMGcY=
github.com/eko/gocache/lib/v4 v4.2.3 h1:s78TFqEGAH3SbzP4N40D755JYT/aaGFKEPrsUtC1chU=
github.com/eko/gocache/lib/v4 v4.2.3/go.mod h1:Zus8mwmaPu1VYOzfomb+Dvx2wV7fT5jDRbHYtQM6MEY=
